
Microsoft Visual Studio Solution File, Format Version 11.00
# Visual Studio 2010
Project("{FAE04EC0-301F-11D3-BF4B-00C04F79EFBC}") = "Ink-Libraries", "Ink-Libraries.csproj", "{81375953-fea2-4f1a-8230-6ad52fe73f0b}"
EndProject
Project("{FAE04EC0-301F-11D3-BF4B-00C04F79EFBC}") = "Assembly-CSharp", "Assembly-CSharp.csproj", "{bb4fcf01-2cab-03c3-0dc8-4695d8ee80a8}"
EndProject
Project("{FAE04EC0-301F-11D3-BF4B-00C04F79EFBC}") = "InkEditor", "InkEditor.csproj", "{55c4ba6f-bb3b-7de4-7977-6954b3df45c8}"
EndProject
Project("{FAE04EC0-301F-11D3-BF4B-00C04F79EFBC}") = "Assembly-CSharp-Editor", "Assembly-CSharp-Editor.csproj", "{d3e18039-6f94-7ab8-a1c8-82c29a61e730}"
EndProject
Global
	GlobalSection(SolutionConfigurationPlatforms) = preSolution
		Debug|Any CPU = Debug|Any CPU
	EndGlobalSection
	GlobalSection(ProjectConfigurationPlatforms) = postSolution
		{81375953-fea2-4f1a-8230-6ad52fe73f0b}.Debug|Any CPU.ActiveCfg = Debug|Any CPU
		{81375953-fea2-4f1a-8230-6ad52fe73f0b}.Debug|Any CPU.Build.0 = Debug|Any CPU
		{bb4fcf01-2cab-03c3-0dc8-4695d8ee80a8}.Debug|Any CPU.ActiveCfg = Debug|Any CPU
		{bb4fcf01-2cab-03c3-0dc8-4695d8ee80a8}.Debug|Any CPU.Build.0 = Debug|Any CPU
		{55c4ba6f-bb3b-7de4-7977-6954b3df45c8}.Debug|Any CPU.ActiveCfg = Debug|Any CPU
		{55c4ba6f-bb3b-7de4-7977-6954b3df45c8}.Debug|Any CPU.Build.0 = Debug|Any CPU
		{d3e18039-6f94-7ab8-a1c8-82c29a61e730}.Debug|Any CPU.ActiveCfg = Debug|Any CPU
		{d3e18039-6f94-7ab8-a1c8-82c29a61e730}.Debug|Any CPU.Build.0 = Debug|Any CPU
	EndGlobalSection
	GlobalSection(SolutionProperties) = preSolution
		HideSolutionNode = FALSE
	EndGlobalSection
EndGlobal
